// !$*UTF8*$!
{
	archiveVersion = 1;
	classes = {
	};
	objectVersion = 46;
	objects = {

/* Begin PBXBuildFile section */
		36F9E77E1A1663D100F3FEBC /* main.m in Sources */ = {isa = PBXBuildFile; fileRef = 36F9E77D1A1663D100F3FEBC /* main.m */; };
		36F9E7811A1663D100F3FEBC /* AppDelegate.m in Sources */ = {isa = PBXBuildFile; fileRef = 36F9E7801A1663D100F3FEBC /* AppDelegate.m */; };
		36F9E7841A1663D100F3FEBC /* ViewController.m in Sources */ = {isa = PBXBuildFile; fileRef = 36F9E7831A1663D100F3FEBC /* ViewController.m */; };
		36F9E7871A1663D100F3FEBC /* Main.storyboard in Resources */ = {isa = PBXBuildFile; fileRef = 36F9E7851A1663D100F3FEBC /* Main.storyboard */; };
		36F9E7891A1663D100F3FEBC /* Images.xcassets in Resources */ = {isa = PBXBuildFile; fileRef = 36F9E7881A1663D100F3FEBC /* Images.xcassets */; };
		36F9E78C1A1663D100F3FEBC /* LaunchScreen.xib in Resources */ = {isa = PBXBuildFile; fileRef = 36F9E78A1A1663D100F3FEBC /* LaunchScreen.xib */; };
		36F9E7981A1663D100F3FEBC /* BurmeseSearchTests.m in Sources */ = {isa = PBXBuildFile; fileRef = 36F9E7971A1663D100F3FEBC /* BurmeseSearchTests.m */; };
/* End PBXBuildFile section */

/* Begin PBXContainerItemProxy section */
		36F9E7921A1663D100F3FEBC /* PBXContainerItemProxy */ = {
			isa = PBXContainerItemProxy;
			containerPortal = 36F9E7701A1663D100F3FEBC /* Project object */;
			proxyType = 1;
			remoteGlobalIDString = 36F9E7771A1663D100F3FEBC;
			remoteInfo = BurmeseSearch;
		};
/* End PBXContainerItemProxy section */

/* Begin PBXFileReference section */
		36F9E7781A1663D100F3FEBC /* BurmeseSearch.app */ = {isa = PBXFileReference; explicitFileType = wrapper.application; includeInIndex = 0; path = BurmeseSearch.app; sourceTree = BUILT_PRODUCTS_DIR; };
		36F9E77C1A1663D100F3FEBC /* Info.plist */ = {isa = PBXFileReference; lastKnownFileType = text.plist.xml; path = Info.plist; sourceTree = "<group>"; };
		36F9E77D1A1663D100F3FEBC /* main.m */ = {isa = PBXFileReference; lastKnownFileType = sourcecode.c.objc; path = main.m; sourceTree = "<group>"; };
		36F9E77F1A1663D100F3FEBC /* AppDelegate.h */ = {isa = PBXFileReference; lastKnownFileType = sourcecode.c.h; path = AppDelegate.h; sourceTree = "<group>"; };
		36F9E7801A1663D100F3FEBC /* AppDelegate.m */ = {isa = PBXFileReference; lastKnownFileType = sourcecode.c.objc; path = AppDelegate.m; sourceTree = "<group>"; };
		36F9E7821A1663D100F3FEBC /* ViewController.h */ = {isa = PBXFileReference; lastKnownFileType = sourcecode.c.h; path = ViewController.h; sourceTree = "<group>"; };
		36F9E7831A1663D100F3FEBC /* ViewController.m */ = {isa = PBXFileReference; lastKnownFileType = sourcecode.c.objc; path = ViewController.m; sourceTree = "<group>"; };
		36F9E7861A1663D100F3FEBC /* Base */ = {isa = PBXFileReference; lastKnownFileType = file.storyboard; name = Base; path = Base.lproj/Main.storyboard; sourceTree = "<group>"; };
		36F9E7881A1663D100F3FEBC /* Images.xcassets */ = {isa = PBXFileReference; lastKnownFileType = folder.assetcatalog; path = Images.xcassets; sourceTree = "<group>"; };
		36F9E78B1A1663D100F3FEBC /* Base */ = {isa = PBXFileReference; lastKnownFileType = file.xib; name = Base; path = Base.lproj/LaunchScreen.xib; sourceTree = "<group>"; };
		36F9E7911A1663D100F3FEBC /* BurmeseSearchTests.xctest */ = {isa = PBXFileReference; explicitFileType = wrapper.cfbundle; includeInIndex = 0; path = BurmeseSearchTests.xctest; sourceTree = BUILT_PRODUCTS_DIR; };
		36F9E7961A1663D100F3FEBC /* Info.plist */ = {isa = PBXFileReference; lastKnownFileType = text.plist.xml; path = Info.plist; sourceTree = "<group>"; };
		36F9E7971A1663D100F3FEBC /* BurmeseSearchTests.m */ = {isa = PBXFileReference; lastKnownFileType = sourcecode.c.objc; path = BurmeseSearchTests.m; sourceTree = "<group>"; };
/* End PBXFileReference section */

/* Begin PBXFrameworksBuildPhase section */
		36F9E7751A1663D100F3FEBC /* Frameworks */ = {
			isa = PBXFrameworksBuildPhase;
			buildActionMask = 2147483647;
			files = (
			);
			runOnlyForDeploymentPostprocessing = 0;
		};
		36F9E78E1A1663D100F3FEBC /* Frameworks */ = {
			isa = PBXFrameworksBuildPhase;
			buildActionMask = 2147483647;
			files = (
			);
			runOnlyForDeploymentPostprocessing = 0;
		};
/* End PBXFrameworksBuildPhase section */

/* Begin PBXGroup section */
		36F9E76F1A1663D100F3FEBC = {
			isa = PBXGroup;
			children = (
				36F9E77A1A1663D100F3FEBC /* BurmeseSearch */,
				36F9E7941A1663D100F3FEBC /* BurmeseSearchTests */,
				36F9E7791A1663D100F3FEBC /* Products */,
			);
			sourceTree = "<group>";
		};
		36F9E7791A1663D100F3FEBC /* Products */ = {
			isa = PBXGroup;
			children = (
				36F9E7781A1663D100F3FEBC /* BurmeseSearch.app */,
				36F9E7911A1663D100F3FEBC /* BurmeseSearchTests.xctest */,
			);
			name = Products;
			sourceTree = "<group>";
		};
		36F9E77A1A1663D100F3FEBC /* BurmeseSearch */ = {
			isa = PBXGroup;
			children = (
				36F9E77F1A1663D100F3FEBC /* AppDelegate.h */,
				36F9E7801A1663D100F3FEBC /* AppDelegate.m */,
				36F9E7821A1663D100F3FEBC /* ViewController.h */,
				36F9E7831A1663D100F3FEBC /* ViewController.m */,
				36F9E7851A1663D100F3FEBC /* Main.storyboard */,
				36F9E7881A1663D100F3FEBC /* Images.xcassets */,
				36F9E78A1A1663D100F3FEBC /* LaunchScreen.xib */,
				36F9E77B1A1663D100F3FEBC /* Supporting Files */,
			);
			path = BurmeseSearch;
			sourceTree = "<group>";
		};
		36F9E77B1A1663D100F3FEBC /* Supporting Files */ = {
			isa = PBXGroup;
			children = (
				36F9E77C1A1663D100F3FEBC /* Info.plist */,
				36F9E77D1A1663D100F3FEBC /* main.m */,
			);
			name = "Supporting Files";
			sourceTree = "<group>";
		};
		36F9E7941A1663D100F3FEBC /* BurmeseSearchTests */ = {
			isa = PBXGroup;
			children = (
				36F9E7971A1663D100F3FEBC /* BurmeseSearchTests.m */,
				36F9E7951A1663D100F3FEBC /* Supporting Files */,
			);
			path = BurmeseSearchTests;
			sourceTree = "<group>";
		};
		36F9E7951A1663D100F3FEBC /* Supporting Files */ = {
			isa = PBXGroup;
			children = (
				36F9E7961A1663D100F3FEBC /* Info.plist */,
			);
			name = "Supporting Files";
			sourceTree = "<group>";
		};
/* End PBXGroup section */

/* Begin PBXNativeTarget section */
		36F9E7771A1663D100F3FEBC /* BurmeseSearch */ = {
			isa = PBXNativeTarget;
			buildConfigurationList = 36F9E79B1A1663D100F3FEBC /* Build configuration list for PBXNativeTarget "BurmeseSearch" */;
			buildPhases = (
				36F9E7741A1663D100F3FEBC /* Sources */,
				36F9E7751A1663D100F3FEBC /* Frameworks */,
				36F9E7761A1663D100F3FEBC /* Resources */,
			);
			buildRules = (
			);
			dependencies = (
			);
			name = BurmeseSearch;
			productName = BurmeseSearch;
			productReference = 36F9E7781A1663D100F3FEBC /* BurmeseSearch.app */;
			productType = "com.apple.product-type.application";
		};
		36F9E7901A1663D100F3FEBC /* BurmeseSearchTests */ = {
			isa = PBXNativeTarget;
			buildConfigurationList = 36F9E79E1A1663D100F3FEBC /* Build configuration list for PBXNativeTarget "BurmeseSearchTests" */;
			buildPhases = (
				36F9E78D1A1663D100F3FEBC /* Sources */,
				36F9E78E1A1663D100F3FEBC /* Frameworks */,
				36F9E78F1A1663D100F3FEBC /* Resources */,
			);
			buildRules = (
			);
			dependencies = (
				36F9E7931A1663D100F3FEBC /* PBXTargetDependency */,
			);
			name = BurmeseSearchTests;
			productName = BurmeseSearchTests;
			productReference = 36F9E7911A1663D100F3FEBC /* BurmeseSearchTests.xctest */;
			productType = "com.apple.product-type.bundle.unit-test";
		};
/* End PBXNativeTarget section */

/* Begin PBXProject section */
		36F9E7701A1663D100F3FEBC /* Project object */ = {
			isa = PBXProject;
			attributes = {
				LastUpgradeCheck = 0610;
				ORGANIZATIONNAME = "Rock Valley College";
				TargetAttributes = {
					36F9E7771A1663D100F3FEBC = {
						CreatedOnToolsVersion = 6.1;
					};
					36F9E7901A1663D100F3FEBC = {
						CreatedOnToolsVersion = 6.1;
						TestTargetID = 36F9E7771A1663D100F3FEBC;
					};
				};
			};
			buildConfigurationList = 36F9E7731A1663D100F3FEBC /* Build configuration list for PBXProject "BurmeseSearch" */;
			compatibilityVersion = "Xcode 3.2";
			developmentRegion = English;
			hasScannedForEncodings = 0;
			knownRegions = (
				en,
				Base,
			);
			mainGroup = 36F9E76F1A1663D100F3FEBC;
			productRefGroup = 36F9E7791A1663D100F3FEBC /* Products */;
			projectDirPath = "";
			projectRoot = "";
			targets = (
				36F9E7771A1663D100F3FEBC /* BurmeseSearch */,
				36F9E7901A1663D100F3FEBC /* BurmeseSearchTests */,
			);
		};
/* End PBXProject section */

/* Begin PBXResourcesBuildPhase section */
		36F9E7761A1663D100F3FEBC /* Resources */ = {
			isa = PBXResourcesBuildPhase;
			buildActionMask = 2147483647;
			files = (
				36F9E7871A1663D100F3FEBC /* Main.storyboard in Resources */,
				36F9E78C1A1663D100F3FEBC /* LaunchScreen.xib in Resources */,
				36F9E7891A1663D100F3FEBC /* Images.xcassets in Resources */,
			);
			runOnlyForDeploymentPostprocessing = 0;
		};
		36F9E78F1A1663D100F3FEBC /* Resources */ = {
			isa = PBXResourcesBuildPhase;
			buildActionMask = 2147483647;
			files = (
			);
			runOnlyForDeploymentPostprocessing = 0;
		};
/* End PBXResourcesBuildPhase section */

/* Begin PBXSourcesBuildPhase section */
		36F9E7741A1663D100F3FEBC /* Sources */ = {
			isa = PBXSourcesBuildPhase;
			buildActionMask = 2147483647;
			files = (
				36F9E7841A1663D100F3FEBC /* ViewController.m in Sources */,
				36F9E7811A1663D100F3FEBC /* AppDelegate.m in Sources */,
				36F9E77E1A1663D100F3FEBC /* main.m in Sources */,
			);
			runOnlyForDeploymentPostprocessing = 0;
		};
		36F9E78D1A1663D100F3FEBC /* Sources */ = {
			isa = PBXSourcesBuildPhase;
			buildActionMask = 2147483647;
			files = (
				36F9E7981A1663D100F3FEBC /* BurmeseSearchTests.m in Sources */,
			);
			runOnlyForDeploymentPostprocessing = 0;
		};
/* End PBXSourcesBuildPhase section */

/* Begin PBXTargetDependency section */
		36F9E7931A1663D100F3FEBC /* PBXTargetDependency */ = {
			isa = PBXTargetDependency;
			target = 36F9E7771A1663D100F3FEBC /* BurmeseSearch */;
			targetProxy = 36F9E7921A1663D100F3FEBC /* PBXContainerItemProxy */;
		};
/* End PBXTargetDependency section */

/* Begin PBXVariantGroup section */
		36F9E7851A1663D100F3FEBC /* Main.storyboard */ = {
			isa = PBXVariantGroup;
			children = (
				36F9E7861A1663D100F3FEBC /* Base */,
			);
			name = Main.storyboard;
			sourceTree = "<group>";
		};
		36F9E78A1A1663D100F3FEBC /* LaunchScreen.xib */ = {
			isa = PBXVariantGroup;
			children = (
				36F9E78B1A1663D100F3FEBC /* Base */,
			);
			name = LaunchScreen.xib;
			sourceTree = "<group>";
		};
/* End PBXVariantGroup section */

/* Begin XCBuildConfiguration section */
		36F9E7991A1663D100F3FEBC /* Debug */ = {
			isa = XCBuildConfiguration;
			buildSettings = {
				ALWAYS_SEARCH_USER_PATHS = NO;
				CLANG_CXX_LANGUAGE_STANDARD = "gnu++0x";
				CLANG_CXX_LIBRARY = "libc++";
				CLANG_ENABLE_MODULES = YES;
				CLANG_ENABLE_OBJC_ARC = YES;
				CLANG_WARN_BOOL_CONVERSION = YES;
				CLANG_WARN_CONSTANT_CONVERSION = YES;
				CLANG_WARN_DIRECT_OBJC_ISA_USAGE = YES_ERROR;
				CLANG_WARN_EMPTY_BODY = YES;
				CLANG_WARN_ENUM_CONVERSION = YES;
				CLANG_WARN_INT_CONVERSION = YES;
				CLANG_WARN_OBJC_ROOT_CLASS = YES_ERROR;
				CLANG_WARN_UNREACHABLE_CODE = YES;
				CLANG_WARN__DUPLICATE_METHOD_MATCH = YES;
				"CODE_SIGN_IDENTITY[sdk=iphoneos*]" = "iPhone Developer";
				COPY_PHASE_STRIP = NO;
				ENABLE_STRICT_OBJC_MSGSEND = YES;
				GCC_C_LANGUAGE_STANDARD = gnu99;
				GCC_DYNAMIC_NO_PIC = NO;
				GCC_OPTIMIZATION_LEVEL = 0;
				GCC_PREPROCESSOR_DEFINITIONS = (
					"DEBUG=1",
					"$(inherited)",
				);
				GCC_SYMBOLS_PRIVATE_EXTERN = NO;
				GCC_WARN_64_TO_32_BIT_CONVERSION = YES;
				GCC_WARN_ABOUT_RETURN_TYPE = YES_ERROR;
				GCC_WARN_UNDECLARED_SELECTOR = YES;
				GCC_WARN_UNINITIALIZED_AUTOS = YES_AGGRESSIVE;
				GCC_WARN_UNUSED_FUNCTION = YES;
				GCC_WARN_UNUSED_VARIABLE = YES;
				IPHONEOS_DEPLOYMENT_TARGET = 8.1;
				MTL_ENABLE_DEBUG_INFO = YES;
				ONLY_ACTIVE_ARCH = YES;
				SDKROOT = iphoneos;
			};
			name = Debug;
		};
		36F9E79A1A1663D100F3FEBC /* Release */ = {
			isa = XCBuildConfiguration;
			buildSettings = {
				ALWAYS_SEARCH_USER_PATHS = NO;
				CLANG_CXX_LANGUAGE_STANDARD = "gnu++0x";
				CLANG_CXX_LIBRARY = "libc++";
				CLANG_ENABLE_MODULES = YES;
				CLANG_ENABLE_OBJC_ARC = YES;
				CLANG_WARN_BOOL_CONVERSION = YES;
				CLANG_WARN_CONSTANT_CONVERSION = YES;
				CLANG_WARN_DIRECT_OBJC_ISA_USAGE = YES_ERROR;
				CLANG_WARN_EMPTY_BODY = YES;
				CLANG_WARN_ENUM_CONVERSION = YES;
				CLANG_WARN_INT_CONVERSION = YES;
				CLANG_WARN_OBJC_ROOT_CLASS = YES_ERROR;
				CLANG_WARN_UNREACHABLE_CODE = YES;
				CLANG_WARN__DUPLICATE_METHOD_MATCH = YES;
				"CODE_SIGN_IDENTITY[sdk=iphoneos*]" = "iPhone Developer";
				COPY_PHASE_STRIP = YES;
				ENABLE_NS_ASSERTIONS = NO;
				ENABLE_STRICT_OBJC_MSGSEND = YES;
				GCC_C_LANGUAGE_STANDARD = gnu99;
				GCC_WARN_64_TO_32_BIT_CONVERSION = YES;
				GCC_WARN_ABOUT_RETURN_TYPE = YES_ERROR;
				GCC_WARN_UNDECLARED_SELECTOR = YES;
				GCC_WARN_UNINITIALIZED_AUTOS = YES_AGGRESSIVE;
				GCC_WARN_UNUSED_FUNCTION = YES;
				GCC_WARN_UNUSED_VARIABLE = YES;
				IPHONEOS_DEPLOYMENT_TARGET = 8.1;
				MTL_ENABLE_DEBUG_INFO = NO;
				SDKROOT = iphoneos;
				VALIDATE_PRODUCT = YES;
			};
			name = Release;
		};
		36F9E79C1A1663D100F3FEBC /* Debug */ = {
			isa = XCBuildConfiguration;
			buildSettings = {
				ASSETCATALOG_COMPILER_APPICON_NAME = AppIcon;
				INFOPLIST_FILE = BurmeseSearch/Info.plist;
				LD_RUNPATH_SEARCH_PATHS = "$(inherited) @executable_path/Frameworks";
				PRODUCT_NAME = "$(TARGET_NAME)";
			};
			name = Debug;
		};
		36F9E79D1A1663D100F3FEBC /* Release */ = {
			isa = XCBuildConfiguration;
			buildSettings = {
				ASSETCATALOG_COMPILER_APPICON_NAME = AppIcon;
				INFOPLIST_FILE = BurmeseSearch/Info.plist;
				LD_RUNPATH_SEARCH_PATHS = "$(inherited) @executable_path/Frameworks";
				PRODUCT_NAME = "$(TARGET_NAME)";
			};
			name = Release;
		};
		36F9E79F1A1663D100F3FEBC /* Debug */ = {
			isa = XCBuildConfiguration;
			buildSettings = {
				BUNDLE_LOADER = "$(TEST_HOST)";
				FRAMEWORK_SEARCH_PATHS = (
					"$(SDKROOT)/Developer/Library/Frameworks",
					"$(inherited)",
				);
				GCC_PREPROCESSOR_DEFINITIONS = (
					"DEBUG=1",
					"$(inherited)",
				);
				INFOPLIST_FILE = BurmeseSearchTests/Info.plist;
				LD_RUNPATH_SEARCH_PATHS = "$(inherited) @executable_path/Frameworks @loader_path/Frameworks";
				PRODUCT_NAME = "$(TARGET_NAME)";
				TEST_HOST = "$(BUILT_PRODUCTS_DIR)/BurmeseSearch.app/BurmeseSearch";
			};
			name = Debug;
		};
		36F9E7A01A1663D100F3FEBC /* Release */ = {
			isa = XCBuildConfiguration;
			buildSettings = {
				BUNDLE_LOADER = "$(TEST_HOST)";
				FRAMEWORK_SEARCH_PATHS = (
					"$(SDKROOT)/Developer/Library/Frameworks",
					"$(inherited)",
				);
				INFOPLIST_FILE = BurmeseSearchTests/Info.plist;
				LD_RUNPATH_SEARCH_PATHS = "$(inherited) @executable_path/Frameworks @loader_path/Frameworks";
				PRODUCT_NAME = "$(TARGET_NAME)";
				TEST_HOST = "$(BUILT_PRODUCTS_DIR)/BurmeseSearch.app/BurmeseSearch";
			};
			name = Release;
		};
/* End XCBuildConfiguration section */

/* Begin XCConfigurationList section */
		36F9E7731A1663D100F3FEBC /* Build configuration list for PBXProject "BurmeseSearch" */ = {
			isa = XCConfigurationList;
			buildConfigurations = (
				36F9E7991A1663D100F3FEBC /* Debug */,
				36F9E79A1A1663D100F3FEBC /* Release */,
			);
			defaultConfigurationIsVisible = 0;
			defaultConfigurationName = Release;
		};
		36F9E79B1A1663D100F3FEBC /* Build configuration list for PBXNativeTarget "BurmeseSearch" */ = {
			isa = XCConfigurationList;
			buildConfigurations = (
				36F9E79C1A1663D100F3FEBC /* Debug */,
				36F9E79D1A1663D100F3FEBC /* Release */,
			);
			defaultConfigurationIsVisible = 0;
		};
		36F9E79E1A1663D100F3FEBC /* Build configuration list for PBXNativeTarget "BurmeseSearchTests" */ = {
			isa = XCConfigurationList;
			buildConfigurations = (
				36F9E79F1A1663D100F3FEBC /* Debug */,
				36F9E7A01A1663D100F3FEBC /* Release */,
			);
			defaultConfigurationIsVisible = 0;
		};
/* End XCConfigurationList section */
	};
	rootObject = 36F9E7701A1663D100F3FEBC /* Project object */;
}
